
Microsoft Visual Studio Solution File, Format Version 12.00
# Visual Studio 15
VisualStudioVersion = 15.0.26124.0
MinimumVisualStudioVersion = 15.0.26124.0
Project("{FAE04EC0-301F-11D3-BF4B-00C04F79EFBC}") = "Persistence", "Persistence\Persistence.csproj", "{A135BE9D-2AFB-4FFD-BBDA-E79E9697E887}"
EndProject
Project("{FAE04EC0-301F-11D3-BF4B-00C04F79EFBC}") = "BL", "BL\BL.csproj", "{ECD4DC6A-6290-4750-9DB1-156B787FB729}"
EndProject
Project("{FAE04EC0-301F-11D3-BF4B-00C04F79EFBC}") = "DAL", "DAL\DAL.csproj", "{EE04C689-5D60-4E40-9E8B-C81B8E5150D9}"
EndProject
Project("{FAE04EC0-301F-11D3-BF4B-00C04F79EFBC}") = "PL_Console", "PL_Console\PL_Console.csproj", "{72C1677F-D03C-4E53-BAB1-2DC6549064B9}"
EndProject
Project("{FAE04EC0-301F-11D3-BF4B-00C04F79EFBC}") = "BL.Test", "BL.Test\BL.Test.csproj", "{334640E5-207E-4050-927E-4A681362C9F5}"
EndProject
Project("{FAE04EC0-301F-11D3-BF4B-00C04F79EFBC}") = "DAL.Test", "DAL.Test\DAL.Test.csproj", "{47CB4A9A-8CCE-40FA-80FA-2B5A016793BB}"
EndProject
Global
	GlobalSection(SolutionConfigurationPlatforms) = preSolution
		Debug|Any CPU = Debug|Any CPU
		Debug|x64 = Debug|x64
		Debug|x86 = Debug|x86
		Release|Any CPU = Release|Any CPU
		Release|x64 = Release|x64
		Release|x86 = Release|x86
	EndGlobalSection
	GlobalSection(SolutionProperties) = preSolution
		HideSolutionNode = FALSE
	EndGlobalSection
	GlobalSection(ProjectConfigurationPlatforms) = postSolution
		{A135BE9D-2AFB-4FFD-BBDA-E79E9697E887}.Debug|Any CPU.ActiveCfg = Debug|Any CPU
		{A135BE9D-2AFB-4FFD-BBDA-E79E9697E887}.Debug|Any CPU.Build.0 = Debug|Any CPU
		{A135BE9D-2AFB-4FFD-BBDA-E79E9697E887}.Debug|x64.ActiveCfg = Debug|Any CPU
		{A135BE9D-2AFB-4FFD-BBDA-E79E9697E887}.Debug|x64.Build.0 = Debug|Any CPU
		{A135BE9D-2AFB-4FFD-BBDA-E79E9697E887}.Debug|x86.ActiveCfg = Debug|Any CPU
		{A135BE9D-2AFB-4FFD-BBDA-E79E9697E887}.Debug|x86.Build.0 = Debug|Any CPU
		{A135BE9D-2AFB-4FFD-BBDA-E79E9697E887}.Release|Any CPU.ActiveCfg = Release|Any CPU
		{A135BE9D-2AFB-4FFD-BBDA-E79E9697E887}.Release|Any CPU.Build.0 = Release|Any CPU
		{A135BE9D-2AFB-4FFD-BBDA-E79E9697E887}.Release|x64.ActiveCfg = Release|Any CPU
		{A135BE9D-2AFB-4FFD-BBDA-E79E9697E887}.Release|x64.Build.0 = Release|Any CPU
		{A135BE9D-2AFB-4FFD-BBDA-E79E9697E887}.Release|x86.ActiveCfg = Release|Any CPU
		{A135BE9D-2AFB-4FFD-BBDA-E79E9697E887}.Release|x86.Build.0 = Release|Any CPU
		{ECD4DC6A-6290-4750-9DB1-156B787FB729}.Debug|Any CPU.ActiveCfg = Debug|Any CPU
		{ECD4DC6A-6290-4750-9DB1-156B787FB729}.Debug|Any CPU.Build.0 = Debug|Any CPU
		{ECD4DC6A-6290-4750-9DB1-156B787FB729}.Debug|x64.ActiveCfg = Debug|Any CPU
		{ECD4DC6A-6290-4750-9DB1-156B787FB729}.Debug|x64.Build.0 = Debug|Any CPU
		{ECD4DC6A-6290-4750-9DB1-156B787FB729}.Debug|x86.ActiveCfg = Debug|Any CPU
		{ECD4DC6A-6290-4750-9DB1-156B787FB729}.Debug|x86.Build.0 = Debug|Any CPU
		{ECD4DC6A-6290-4750-9DB1-156B787FB729}.Release|Any CPU.ActiveCfg = Release|Any CPU
		{ECD4DC6A-6290-4750-9DB1-156B787FB729}.Release|Any CPU.Build.0 = Release|Any CPU
		{ECD4DC6A-6290-4750-9DB1-156B787FB729}.Release|x64.ActiveCfg = Release|Any CPU
		{ECD4DC6A-6290-4750-9DB1-156B787FB729}.Release|x64.Build.0 = Release|Any CPU
		{ECD4DC6A-6290-4750-9DB1-156B787FB729}.Release|x86.ActiveCfg = Release|Any CPU
		{ECD4DC6A-6290-4750-9DB1-156B787FB729}.Release|x86.Build.0 = Release|Any CPU
		{EE04C689-5D60-4E40-9E8B-C81B8E5150D9}.Debug|Any CPU.ActiveCfg = Debug|Any CPU
		{EE04C689-5D60-4E40-9E8B-C81B8E5150D9}.Debug|Any CPU.Build.0 = Debug|Any CPU
		{EE04C689-5D60-4E40-9E8B-C81B8E5150D9}.Debug|x64.ActiveCfg = Debug|Any CPU
		{EE04C689-5D60-4E40-9E8B-C81B8E5150D9}.Debug|x64.Build.0 = Debug|Any CPU
		{EE04C689-5D60-4E40-9E8B-C81B8E5150D9}.Debug|x86.ActiveCfg = Debug|Any CPU
		{EE04C689-5D60-4E40-9E8B-C81B8E5150D9}.Debug|x86.Build.0 = Debug|Any CPU
		{EE04C689-5D60-4E40-9E8B-C81B8E5150D9}.Release|Any CPU.ActiveCfg = Release|Any CPU
		{EE04C689-5D60-4E40-9E8B-C81B8E5150D9}.Release|Any CPU.Build.0 = Release|Any CPU
		{EE04C689-5D60-4E40-9E8B-C81B8E5150D9}.Release|x64.ActiveCfg = Release|Any CPU
		{EE04C689-5D60-4E40-9E8B-C81B8E5150D9}.Release|x64.Build.0 = Release|Any CPU
		{EE04C689-5D60-4E40-9E8B-C81B8E5150D9}.Release|x86.ActiveCfg = Release|Any CPU
		{EE04C689-5D60-4E40-9E8B-C81B8E5150D9}.Release|x86.Build.0 = Release|Any CPU
		{72C1677F-D03C-4E53-BAB1-2DC6549064B9}.Debug|Any CPU.ActiveCfg = Debug|Any CPU
		{72C1677F-D03C-4E53-BAB1-2DC6549064B9}.Debug|Any CPU.Build.0 = Debug|Any CPU
		{72C1677F-D03C-4E53-BAB1-2DC6549064B9}.Debug|x64.ActiveCfg = Debug|Any CPU
		{72C1677F-D03C-4E53-BAB1-2DC6549064B9}.Debug|x64.Build.0 = Debug|Any CPU
		{72C1677F-D03C-4E53-BAB1-2DC6549064B9}.Debug|x86.ActiveCfg = Debug|Any CPU
		{72C1677F-D03C-4E53-BAB1-2DC6549064B9}.Debug|x86.Build.0 = Debug|Any CPU
		{72C1677F-D03C-4E53-BAB1-2DC6549064B9}.Release|Any CPU.ActiveCfg = Release|Any CPU
		{72C1677F-D03C-4E53-BAB1-2DC6549064B9}.Release|Any CPU.Build.0 = Release|Any CPU
		{72C1677F-D03C-4E53-BAB1-2DC6549064B9}.Release|x64.ActiveCfg = Release|Any CPU
		{72C1677F-D03C-4E53-BAB1-2DC6549064B9}.Release|x64.Build.0 = Release|Any CPU
		{72C1677F-D03C-4E53-BAB1-2DC6549064B9}.Release|x86.ActiveCfg = Release|Any CPU
		{72C1677F-D03C-4E53-BAB1-2DC6549064B9}.Release|x86.Build.0 = Release|Any CPU
		{334640E5-207E-4050-927E-4A681362C9F5}.Debug|Any CPU.ActiveCfg = Debug|Any CPU
		{334640E5-207E-4050-927E-4A681362C9F5}.Debug|Any CPU.Build.0 = Debug|Any CPU
		{334640E5-207E-4050-927E-4A681362C9F5}.Debug|x64.ActiveCfg = Debug|Any CPU
		{334640E5-207E-4050-927E-4A681362C9F5}.Debug|x64.Build.0 = Debug|Any CPU
		{334640E5-207E-4050-927E-4A681362C9F5}.Debug|x86.ActiveCfg = Debug|Any CPU
		{334640E5-207E-4050-927E-4A681362C9F5}.Debug|x86.Build.0 = Debug|Any CPU
		{334640E5-207E-4050-927E-4A681362C9F5}.Release|Any CPU.ActiveCfg = Release|Any CPU
		{334640E5-207E-4050-927E-4A681362C9F5}.Release|Any CPU.Build.0 = Release|Any CPU
		{334640E5-207E-4050-927E-4A681362C9F5}.Release|x64.ActiveCfg = Release|Any CPU
		{334640E5-207E-4050-927E-4A681362C9F5}.Release|x64.Build.0 = Release|Any CPU
		{334640E5-207E-4050-927E-4A681362C9F5}.Release|x86.ActiveCfg = Release|Any CPU
		{334640E5-207E-4050-927E-4A681362C9F5}.Release|x86.Build.0 = Release|Any CPU
		{47CB4A9A-8CCE-40FA-80FA-2B5A016793BB}.Debug|Any CPU.ActiveCfg = Debug|Any CPU
		{47CB4A9A-8CCE-40FA-80FA-2B5A016793BB}.Debug|Any CPU.Build.0 = Debug|Any CPU
		{47CB4A9A-8CCE-40FA-80FA-2B5A016793BB}.Debug|x64.ActiveCfg = Debug|Any CPU
		{47CB4A9A-8CCE-40FA-80FA-2B5A016793BB}.Debug|x64.Build.0 = Debug|Any CPU
		{47CB4A9A-8CCE-40FA-80FA-2B5A016793BB}.Debug|x86.ActiveCfg = Debug|Any CPU
		{47CB4A9A-8CCE-40FA-80FA-2B5A016793BB}.Debug|x86.Build.0 = Debug|Any CPU
		{47CB4A9A-8CCE-40FA-80FA-2B5A016793BB}.Release|Any CPU.ActiveCfg = Release|Any CPU
		{47CB4A9A-8CCE-40FA-80FA-2B5A016793BB}.Release|Any CPU.Build.0 = Release|Any CPU
		{47CB4A9A-8CCE-40FA-80FA-2B5A016793BB}.Release|x64.ActiveCfg = Release|Any CPU
		{47CB4A9A-8CCE-40FA-80FA-2B5A016793BB}.Release|x64.Build.0 = Release|Any CPU
		{47CB4A9A-8CCE-40FA-80FA-2B5A016793BB}.Release|x86.ActiveCfg = Release|Any CPU
		{47CB4A9A-8CCE-40FA-80FA-2B5A016793BB}.Release|x86.Build.0 = Release|Any CPU
	EndGlobalSection
EndGlobal
